{
  "pins" : [
    {
      "identity" : "core-web-browser",
      "kind" : "remoteSourceControl",
      "location" : "https://github.com/mauriciomaniglia/core-web-browser",
      "state" : {
        "branch" : "main",
        "revision" : "ab9d6a2057a2598bb90c0d2528535ef83f901bd5"
      }
    }
  ],
  "version" : 2
}
