{
  "pins" : [
    {
      "identity" : "core-web-browser",
      "kind" : "remoteSourceControl",
      "location" : "git@github.com:mauriciomaniglia/core-web-browser.git",
      "state" : {
        "branch" : "main",
        "revision" : "59182d270b1b0bebfbae70bf0c88c7c0c427e249"
      }
    }
  ],
  "version" : 2
}
